name: qgis
channels:
  - conda-forge
  - defaults
dependencies:
  - _libgcc_mutex=0.1=conda_forge
  - _openmp_mutex=4.5=0_gnu
  - atk=2.32.0=haf93ef1_0
  - boost-cpp=1.70.0=h8e57a91_2
  - bzip2=1.0.8=h516909a_2
  - ca-certificates=2019.11.28=hecc5488_0
  - cairo=1.16.0=hfb77d84_1002
  - certifi=2019.11.28=py38_0
  - cffi=1.13.2=py38h8022711_0
  - cfitsio=3.470=hb60a0a2_2
  - chardet=3.0.4=py38_1003
  - coverage=5.0.3=py38h516909a_0
  - cryptography=2.8=py38h72c5cf5_1
  - curl=7.67.0=hbc83047_0
  - dbus=1.13.12=h746ee38_0
  - exiv2=0.27.1=had08079_0
  - expat=2.2.6=he6710b0_0
  - fontconfig=2.13.1=h86ecdb6_1001
  - freetype=2.10.0=he983fc9_1
  - freexl=1.0.5=h14c3975_1002
  - fribidi=1.0.5=h516909a_1002
  - future=0.18.2=py38_0
  - gdal=3.0.2=py38hbb6b9fb_5
  - gdk-pixbuf=2.36.12=h3f25603_1005
  - geos=3.8.0=he1b5a44_0
  - geotiff=1.5.1=hbd99317_7
  - gettext=0.19.8.1=hc5be6a0_1002
  - giflib=5.1.7=h516909a_1
  - glib=2.63.1=h5a9c865_0
  - gobject-introspection=1.58.2=py38h5503ade_1002
  - graphite2=1.3.13=hf484d3e_1000
  - gsl=2.5=h294904e_1
  - gst-plugins-base=1.14.5=h0935bb2_0
  - gstreamer=1.14.5=h36ae1b5_0
  - gtk2=2.24.32=h586f36d_1
  - harfbuzz=2.4.0=h9f30f68_3
  - hdf4=4.2.13=hf30be14_1003
  - hdf5=1.10.5=nompi_h3c11f04_1104
  - httplib2=0.15.0=py38_0
  - icu=64.2=he1b5a44_1
  - idna=2.8=py38_1000
  - jinja2=2.10.3=py_0
  - jpeg=9c=h14c3975_1001
  - json-c=0.13.1=h14c3975_1001
  - kealib=1.4.10=h58c409b_1005
  - krb5=1.16.4=h2fd8d38_0
  - ld_impl_linux-64=2.33.1=h53a641e_7
  - libblas=3.8.0=14_openblas
  - libcblas=3.8.0=14_openblas
  - libclang=9.0.1=default_hde54327_0
  - libcurl=7.67.0=h20c2e04_0
  - libdap4=3.20.4=hd3bb157_0
  - libedit=3.1.20181209=hc058e9b_0
  - libffi=3.2.1=he1b5a44_1006
  - libgcc-ng=9.2.0=h24d8f2e_2
  - libgdal=3.0.2=h30a29e3_5
  - libgfortran-ng=7.3.0=hdf63c60_4
  - libgomp=9.2.0=h24d8f2e_2
  - libiconv=1.15=h516909a_1005
  - libkml=1.3.0=h4fcabce_1010
  - liblapack=3.8.0=14_openblas
  - libllvm9=9.0.1=hc9558a2_0
  - libnetcdf=4.7.1=nompi_h94020b1_102
  - libopenblas=0.3.7=h5ec1e0e_6
  - libpng=1.6.37=hed695b0_0
  - libpq=11.5=hd9ab2ff_2
  - libspatialindex=1.9.3=he1b5a44_1
  - libspatialite=4.3.0a=h343d7df_1033
  - libssh2=1.8.2=h22169c7_2
  - libstdcxx-ng=9.2.0=hdf63c60_2
  - libtiff=4.1.0=hc3755c2_3
  - libuuid=2.32.1=h14c3975_1000
  - libwebp=1.0.2=hf4e8a37_4
  - libxcb=1.13=h14c3975_1002
  - libxkbcommon=0.9.1=hebb1f50_0
  - libxml2=2.9.10=hee79883_0
  - libzip=1.5.1=h1a52d62_1005
  - lz4-c=1.8.3=he1b5a44_1001
  - markupsafe=1.1.1=py38h516909a_0
  - mock=3.0.5=py38_0
  - ncurses=6.1=hf484d3e_1002
  - nose2=0.9.1=py_0
  - nspr=4.24=he1b5a44_0
  - nss=3.47=he751ad9_0
  - numpy=1.17.3=py38h95a1406_0
  - openjpeg=2.3.1=h981e76c_3
  - openssl=1.1.1d=h516909a_0
  - owslib=0.19.0=py_2
  - pango=1.42.4=ha030887_1
  - pcre=8.43=he1b5a44_0
  - pip=19.3.1=py38_0
  - pixman=0.38.0=h516909a_1003
  - plotly=4.4.1=py_0
  - poppler=0.67.0=h14e79db_8
  - poppler-data=0.4.9=1
  - postgresql=11.5=hc63931a_2
  - proj=6.2.1=hc80f0dc_0
  - psycopg2=2.8.4=py38h72c5cf5_0
  - pthread-stubs=0.4=h14c3975_1001
  - pycparser=2.19=py38_1
  - pygments=2.5.2=py_0
  - pyopenssl=19.1.0=py38_0
  - pyproj=2.4.2.post1=py38h12732c1_0
  - pyqt=5.12.3=py38hcca6a23_1
  - pysocks=1.7.1=py38_0
  - python=3.8.1=h357f687_1
  - python-dateutil=2.8.1=py_0
  - pytz=2019.3=py_0
  - pyyaml=5.3=py38h516909a_0
  - qca=2.2.1=h73816c6_3
  - qgis=3.10.1=py38h846c398_1
  - qjson=0.9.0=h73816c6_1006
  - qscintilla2=2.11.2=py38h73816c6_2
  - qt=5.12.5=hd8c4c69_1
  - qtkeychain=0.10.0=h73816c6_0
  - qtlocation=5.12.5=he1b5a44_0
  - qtserialport=5.9.8=h73816c6_1
  - qwt=6.1.4=h73816c6_1005
  - qwtpolar=1.1.1=h73816c6_7
  - readline=8.0=hf8c457e_0
  - requests=2.22.0=py38_1
  - retrying=1.3.3=py_2
  - setuptools=45.0.0=py38_1
  - sip=4.19.20=py38he1b5a44_0
  - six=1.14.0=py38_0
  - sqlite=3.30.1=hcee41ef_0
  - tbb=2018.0.5=h2d50403_0
  - tiledb=1.7.0=hcde45ca_2
  - tk=8.6.10=hed695b0_0
  - tzcode=2019a=h516909a_1002
  - urllib3=1.25.7=py38_0
  - wheel=0.33.6=py38_0
  - xerces-c=3.2.2=h8412b87_1004
  - xorg-inputproto=2.3.2=h14c3975_1002
  - xorg-kbproto=1.0.7=h14c3975_1002
  - xorg-libice=1.0.10=h516909a_0
  - xorg-libsm=1.2.3=h84519dc_1000
  - xorg-libx11=1.6.9=h516909a_0
  - xorg-libxau=1.0.9=h14c3975_0
  - xorg-libxdmcp=1.1.3=h516909a_0
  - xorg-libxext=1.3.4=h516909a_0
  - xorg-libxrender=0.9.10=h516909a_1002
  - xorg-libxt=1.2.0=h516909a_0
  - xorg-renderproto=0.11.1=h14c3975_1002
  - xorg-xextproto=7.3.0=h14c3975_1002
  - xorg-xproto=7.0.31=h14c3975_1007
  - xz=5.2.4=h14c3975_1001
  - yaml=0.2.2=h516909a_1
  - zlib=1.2.11=h516909a_1006
  - zstd=1.4.4=h3b9ef0a_1
  - pip:
    - pyqt5-sip==4.19.18
    - pyqtwebengine==5.12.1
prefix: /home/trst2284/miniconda3/envs/qgis

