# This lock file was generated by conda-lock (https://github.com/conda/conda-lock). DO NOT EDIT!
#
# A "lock file" contains a concrete list of package versions (with checksums) to be installed. Unlike
# e.g. `conda env create`, the resulting environment will not change as new package versions become
# available, unless you explicitly update the lock file.
#
# Install this environment as "YOURENV" with:
#     conda-lock install -n YOURENV --file conda-lock.yml
# To update a single package to the latest version compatible with the version constraints in the source:
#     conda-lock lock  --lockfile conda-lock.yml --update PACKAGE
# To re-solve the entire environment, e.g. after changing a version constraint in the source file:
#     conda-lock -f environment.yml --lockfile conda-lock.yml
version: 1
metadata:
  content_hash:
    linux-64: 3cae752867ad154d204a720f66cf27cd5204731628e7f7b224e5727b45ace5b9
  channels:
  - url: conda-forge
    used_env_vars: []
  platforms:
  - linux-64
  sources:
  - environment.yml
package:
- name: python_abi
  version: '3.14'
  manager: conda
  platform: linux-64
  dependencies: {}
  url: https://conda.anaconda.org/conda-forge/noarch/python_abi-3.14-8_cp314.conda
  hash:
    md5: 0539938c55b6b1a59b560e843ad864a4
    sha256: ad6d2e9ac39751cc0529dd1566a26751a0bf2542adb0c232533d32e176e21db5
  category: main
  optional: false
- name: tzdata
  version: 2025c
  manager: conda
  platform: linux-64
  dependencies: {}
  url: https://conda.anaconda.org/conda-forge/noarch/tzdata-2025c-hc9c84f9_1.conda
  hash:
    md5: ad659d0a2b3e47e38d829aa8cad2d610
    sha256: 1d30098909076af33a35017eed6f2953af1c769e273a0626a04722ac4acaba3c
  category: main
  optional: false
- name: ca-certificates
  version: 2026.1.4
  manager: conda
  platform: linux-64
  dependencies:
    __unix: ''
  url: https://conda.anaconda.org/conda-forge/noarch/ca-certificates-2026.1.4-hbd8a1cb_0.conda
  hash:
    md5: bddacf101bb4dd0e51811cb69c7790e2
    sha256: b5974ec9b50e3c514a382335efa81ed02b05906849827a34061c496f4defa0b2
  category: main
  optional: false
- name: libgomp
  version: 15.2.0
  manager: conda
  platform: linux-64
  dependencies:
    __glibc: '>=2.17,<3.0.a0'
  url: https://conda.anaconda.org/conda-forge/linux-64/libgomp-15.2.0-he0feb66_17.conda
  hash:
    md5: 51b78c6a757575c0d12f4401ffc67029
    sha256: b961b5dd9761907a7179678b58a69bb4fc16b940eb477f635aea3aec0a3f17a6
  category: main
  optional: false
- name: _openmp_mutex
  version: '4.5'
  manager: conda
  platform: linux-64
  dependencies:
    __glibc: '>=2.17,<3.0.a0'
    libgomp: '>=7.5.0'
  url: https://conda.anaconda.org/conda-forge/linux-64/_openmp_mutex-4.5-20_gnu.conda
  hash:
    md5: a9f577daf3de00bca7c3c76c0ecbd1de
    sha256: 1dd3fffd892081df9726d7eb7e0dea6198962ba775bd88842135a4ddb4deb3c9
  category: main
  optional: false
- name: libgcc
  version: 15.2.0
  manager: conda
  platform: linux-64
  dependencies:
    __glibc: '>=2.17,<3.0.a0'
    _openmp_mutex: '>=4.5'
  url: https://conda.anaconda.org/conda-forge/linux-64/libgcc-15.2.0-he0feb66_17.conda
  hash:
    md5: 3c281169ea25b987311400d7a7e28445
    sha256: 43860222cf3abf04ded0cf24541a105aa388e0e1d4d6ca46258e186d4e87ae3e
  category: main
  optional: false
- name: attr
  version: 2.5.2
  manager: conda
  platform: linux-64
  dependencies:
    __glibc: '>=2.17,<3.0.a0'
    libgcc: '>=13'
  url: https://conda.anaconda.org/conda-forge/linux-64/attr-2.5.2-h39aace5_0.conda
  hash:
    md5: 791365c5f65975051e4e017b5da3abf5
    sha256: a9c114cbfeda42a226e2db1809a538929d2f118ef855372293bd188f71711c48
  category: main
  optional: false
- name: bzip2
  version: 1.0.8
  manager: conda
  platform: linux-64
  dependencies:
    __glibc: '>=2.17,<3.0.a0'
    libgcc: '>=14'
  url: https://conda.anaconda.org/conda-forge/linux-64/bzip2-1.0.8-hda65f42_9.conda
  hash:
    md5: d2ffd7602c02f2b316fd921d39876885
    sha256: 0b75d45f0bba3e95dc693336fa51f40ea28c980131fec438afb7ce6118ed05f6
  category: main
  optional: false
- name: c-ares
  version: 1.34.6
  manager: conda
  platform: linux-64
  dependencies:
    __glibc: '>=2.17,<3.0.a0'
    libgcc: '>=14'
  url: https://conda.anaconda.org/conda-forge/linux-64/c-ares-1.34.6-hb03c661_0.conda
  hash:
    md5: 920bb03579f15389b9e512095ad995b7
    sha256: cc9accf72fa028d31c2a038460787751127317dcfa991f8d1f1babf216bb454e
  category: main
  optional: false
- name: json-c
  version: '0.18'
  manager: conda
  platform: linux-64
  dependencies:
    __glibc: '>=2.17,<3.0.a0'
    libgcc: '>=13'
  url: https://conda.anaconda.org/conda-forge/linux-64/json-c-0.18-h6688a6e_0.conda
  hash:
    md5: 38f5dbc9ac808e31c00650f7be1db93f
    sha256: 09e706cb388d3ea977fabcee8e28384bdaad8ce1fc49340df5f868a2bd95a7da
  category: main
  optional: false
- name: keyutils
  version: 1.6.3
  manager: conda
  platform: linux-64
  dependencies:
    __glibc: '>=2.17,<3.0.a0'
    libgcc: '>=13'
  url: https://conda.anaconda.org/conda-forge/linux-64/keyutils-1.6.3-hb9d3cd8_0.conda
  hash:
    md5: b38117a3c920364aff79f870c984b4a3
    sha256: 0960d06048a7185d3542d850986d807c6e37ca2e644342dd0c72feefcf26c2a4
  category: main
  optional: false
- name: libbrotlicommon
  version: 1.2.0
  manager: conda
  platform: linux-64
  dependencies:
    __glibc: '>=2.17,<3.0.a0'
    libgcc: '>=14'
  url: https://conda.anaconda.org/conda-forge/linux-64/libbrotlicommon-1.2.0-hb03c661_1.conda
  hash:
    md5: 72c8fd1af66bd67bf580645b426513ed
    sha256: 318f36bd49ca8ad85e6478bd8506c88d82454cc008c1ac1c6bf00a3c42fa610e
  category: main
  optional: false
- name: libdeflate
  version: '1.25'
  manager: conda
  platform: linux-64
  dependencies:
    __glibc: '>=2.17,<3.0.a0'
    libgcc: '>=14'
  url: https://conda.anaconda.org/conda-forge/linux-64/libdeflate-1.25-h17f619e_0.conda
  hash:
    md5: 6c77a605a7a689d17d4819c0f8ac9a00
    sha256: aa8e8c4be9a2e81610ddf574e05b64ee131fab5e0e3693210c9d6d2fba32c680
  category: main
  optional: false
- name: libexpat
  version: 2.7.4
  manager: conda
  platform: linux-64
  dependencies:
    __glibc: '>=2.17,<3.0.a0'
    libgcc: '>=14'
  url: https://conda.anaconda.org/conda-forge/linux-64/libexpat-2.7.4-hecca717_0.conda
  hash:
    md5: e7f7ce06ec24cfcfb9e36d28cf82ba57
    sha256: d78f1d3bea8c031d2f032b760f36676d87929b18146351c4464c66b0869df3f5
  category: main
  optional: false
- name: libffi
  version: 3.5.2
  manager: conda
  platform: linux-64
  dependencies:
    __glibc: '>=2.17,<3.0.a0'
    libgcc: '>=14'
  url: https://conda.anaconda.org/conda-forge/linux-64/libffi-3.5.2-h3435931_0.conda
  hash:
    md5: a360c33a5abe61c07959e449fa1453eb
    sha256: 31f19b6a88ce40ebc0d5a992c131f57d919f73c0b92cd1617a5bec83f6e961e6
  category: main
  optional: false
- name: libgcc-ng
  version: 15.2.0
  manager: conda
  platform: linux-64
  dependencies:
    libgcc: 15.2.0
  url: https://conda.anaconda.org/conda-forge/linux-64/libgcc-ng-15.2.0-h69a702a_17.conda
  hash:
    md5: 1478bfa85224a65ab096d69ffd2af1e5
    sha256: bdfe50501e4a2d904a5eae65a7ae26e2b7a29b473ab084ad55d96080b966502e
  category: main
  optional: false
- name: libgfortran5
  version: 15.2.0
  manager: conda
  platform: linux-64
  dependencies:
    __glibc: '>=2.17,<3.0.a0'
    libgcc: '>=15.2.0'
  url: https://conda.anaconda.org/conda-forge/linux-64/libgfortran5-15.2.0-h68bc16d_17.conda
  hash:
    md5: 202fdf8cad9eea704c2b0d823d1732bf
    sha256: b1c77b85da9a3e204de986f59e262268805c6a35dffdf3953f1b98407db2aef3
  category: main
  optional: false
- name: libiconv
  version: '1.18'
  manager: conda
  platform: linux-64
  dependencies:
    __glibc: '>=2.17,<3.0.a0'
    libgcc: '>=14'
  url: https://conda.anaconda.org/conda-forge/linux-64/libiconv-1.18-h3b78370_2.conda
  hash:
    md5: 915f5995e94f60e9a4826e0b0920ee88
    sha256: c467851a7312765447155e071752d7bf9bf44d610a5687e32706f480aad2833f
  category: main
  optional: false
- name: libjpeg-turbo
  version: 3.1.2
  manager: conda
  platform: linux-64
  dependencies:
    __glibc: '>=2.17,<3.0.a0'
    libgcc: '>=14'
  url: https://conda.anaconda.org/conda-forge/linux-64/libjpeg-turbo-3.1.2-hb03c661_0.conda
  hash:
    md5: 8397539e3a0bbd1695584fb4f927485a
    sha256: cc9aba923eea0af8e30e0f94f2ad7156e2984d80d1e8e7fe6be5a1f257f0eb32
  category: main
  optional: false
- name: liblzma
  version: 5.8.2
  manager: conda
  platform: linux-64
  dependencies:
    __glibc: '>=2.17,<3.0.a0'
    libgcc: '>=14'
  url: https://conda.anaconda.org/conda-forge/linux-64/liblzma-5.8.2-hb03c661_0.conda
  hash:
    md5: c7c83eecbb72d88b940c249af56c8b17
    sha256: 755c55ebab181d678c12e49cced893598f2bab22d582fbbf4d8b83c18be207eb
  category: main
  optional: false
- name: libmpdec
  version: 4.0.0
  manager: conda
  platform: linux-64
  dependencies:
    __glibc: '>=2.17,<3.0.a0'
    libgcc: '>=14'
  url: https://conda.anaconda.org/conda-forge/linux-64/libmpdec-4.0.0-hb03c661_1.conda
  hash:
    md5: 2c21e66f50753a083cbe6b80f38268fa
    sha256: fe171ed5cf5959993d43ff72de7596e8ac2853e9021dec0344e583734f1e0843
  category: main
  optional: false
- name: libnsl
  version: 2.0.1
  manager: conda
  platform: linux-64
  dependencies:
    __glibc: '>=2.17,<3.0.a0'
    libgcc: '>=13'
  url: https://conda.anaconda.org/conda-forge/linux-64/libnsl-2.0.1-hb9d3cd8_1.conda
  hash:
    md5: d864d34357c3b65a4b731f78c0801dc4
    sha256: 927fe72b054277cde6cb82597d0fcf6baf127dcbce2e0a9d8925a68f1265eef5
  category: main
  optional: false
- name: libstdcxx
  version: 15.2.0
  manager: conda
  platform: linux-64
  dependencies:
    __glibc: '>=2.17,<3.0.a0'
    libgcc: 15.2.0
  url: https://conda.anaconda.org/conda-forge/linux-64/libstdcxx-15.2.0-h934c35e_17.conda
  hash:
    md5: 24c2fe35fa45cd71214beba6f337c071
    sha256: 50c48cd3716a2e58e8e2e02edc78fef2d08fffe1e3b1ed40eb5f87e7e2d07889
  category: main
  optional: false
- name: libuuid
  version: 2.41.3
  manager: conda
  platform: linux-64
  dependencies:
    __glibc: '>=2.17,<3.0.a0'
    libgcc: '>=14'
  url: https://conda.anaconda.org/conda-forge/linux-64/libuuid-2.41.3-h5347b49_0.conda
  hash:
    md5: db409b7c1720428638e7c0d509d3e1b5
    sha256: 1a7539cfa7df00714e8943e18de0b06cceef6778e420a5ee3a2a145773758aee
  category: main
  optional: false
- name: libwebp-base
  version: 1.6.0
  manager: conda
  platform: linux-64
  dependencies:
    __glibc: '>=2.17,<3.0.a0'
    libgcc: '>=14'
  url: https://conda.anaconda.org/conda-forge/linux-64/libwebp-base-1.6.0-hd42ef1d_0.conda
  hash:
    md5: aea31d2e5b1091feca96fcfe945c3cf9
    sha256: 3aed21ab28eddffdaf7f804f49be7a7d701e8f0e46c856d801270b470820a37b
  category: main
  optional: false
- name: libzlib
  version: 1.3.1
  manager: conda
  platform: linux-64
  dependencies:
    __glibc: '>=2.17,<3.0.a0'
    libgcc: '>=13'
  url: https://conda.anaconda.org/conda-forge/linux-64/libzlib-1.3.1-hb9d3cd8_2.conda
  hash:
    md5: edb0dca6bc32e4f4789199455a1dbeb8
    sha256: d4bfe88d7cb447768e31650f06257995601f89076080e76df55e3112d4e47dc4
  category: main
  optional: false
- name: lzo
  version: '2.10'
  manager: conda
  platform: linux-64
  dependencies:
    libgcc: '>=14'
    __glibc: '>=2.17,<3.0.a0'
  url: https://conda.anaconda.org/conda-forge/linux-64/lzo-2.10-h280c20c_1002.conda
  hash:
    md5: 45161d96307e3a447cc3eb5896cf6f8c
    sha256: 5c6bbeec116e29f08e3dad3d0524e9bc5527098e12fc432c0e5ca53ea16337d4
  category: main
  optional: false
- name: ncurses
  version: '6.5'
  manager: conda
  platform: linux-64
  dependencies:
    __glibc: '>=2.17,<3.0.a0'
    libgcc: '>=13'
  url: https://conda.anaconda.org/conda-forge/linux-64/ncurses-6.5-h2d0b736_3.conda
  hash:
    md5: 47e340acb35de30501a76c7c799c41d7
    sha256: 3fde293232fa3fca98635e1167de6b7c7fda83caf24b9d6c91ec9eefb4f4d586
  category: main
  optional: false
- name: openssl
  version: 3.6.1
  manager: conda
  platform: linux-64
  dependencies:
    __glibc: '>=2.17,<3.0.a0'
    ca-certificates: ''
    libgcc: '>=14'
  url: https://conda.anaconda.org/conda-forge/linux-64/openssl-3.6.1-h35e630c_1.conda
  hash:
    md5: f61eb8cd60ff9057122a3d338b99c00f
    sha256: 44c877f8af015332a5d12f5ff0fb20ca32f896526a7d0cdb30c769df1144fb5c
  category: main
  optional: false
- name: unzip
  version: '6.0'
  manager: conda
  platform: linux-64
  dependencies:
    __glibc: '>=2.17,<3.0.a0'
    libgcc: '>=14'
  url: https://conda.anaconda.org/conda-forge/linux-64/unzip-6.0-hb03c661_4.conda
  hash:
    md5: 7f58240fa4cd5b42607606333cf8b550
    sha256: 489ee14dcc1080e45d07531e89b1c690a8df68ca6a817ade536e6ef4cdc77b9e
  category: main
  optional: false
- name: geos
  version: 3.14.1
  manager: conda
  platform: linux-64
  dependencies:
    __glibc: '>=2.17,<3.0.a0'
    libgcc: '>=14'
    libstdcxx: '>=14'
  url: https://conda.anaconda.org/conda-forge/linux-64/geos-3.14.1-h480dda7_0.conda
  hash:
    md5: 4d4efd0645cd556fab54617c4ad477ef
    sha256: 08896dcd94e14a83f247e91748444e610f344ab42d80cbf2b6082b481c3f8f4b
  category: main
  optional: false
- name: giflib
  version: 5.2.2
  manager: conda
  platform: linux-64
  dependencies:
    libgcc-ng: '>=12'
  url: https://conda.anaconda.org/conda-forge/linux-64/giflib-5.2.2-hd590300_0.conda
  hash:
    md5: 3bf7b9fd5a7136126e0234db4b87c8b6
    sha256: aac402a8298f0c0cc528664249170372ef6b37ac39fdc92b40601a6aed1e32ff
  category: main
  optional: false
- name: icu
  version: '78.2'
  manager: conda
  platform: linux-64
  dependencies:
    __glibc: '>=2.17,<3.0.a0'
    libgcc: '>=14'
    libstdcxx: '>=14'
  url: https://conda.anaconda.org/conda-forge/linux-64/icu-78.2-h33c6efd_0.conda
  hash:
    md5: 186a18e3ba246eccfc7cff00cd19a870
    sha256: 142a722072fa96cf16ff98eaaf641f54ab84744af81754c292cb81e0881c0329
  category: main
  optional: false
- name: lerc
  version: 4.0.0
  manager: conda
  platform: linux-64
  dependencies:
    __glibc: '>=2.17,<3.0.a0'
    libgcc: '>=13'
    libstdcxx: '>=13'
  url: https://conda.anaconda.org/conda-forge/linux-64/lerc-4.0.0-h0aef613_1.conda
  hash:
    md5: 9344155d33912347b37f0ae6c410a835
    sha256: 412381a43d5ff9bbed82cd52a0bbca5b90623f62e41007c9c42d3870c60945ff
  category: main
  optional: false
- name: libaec
  version: 1.1.5
  manager: conda
  platform: linux-64
  dependencies:
    __glibc: '>=2.17,<3.0.a0'
    libgcc: '>=14'
    libstdcxx: '>=14'
  url: https://conda.anaconda.org/conda-forge/linux-64/libaec-1.1.5-h088129d_0.conda
  hash:
    md5: 86f7414544ae606282352fa1e116b41f
    sha256: 822e4ae421a7e9c04e841323526321185f6659222325e1a9aedec811c686e688
  category: main
  optional: false
- name: libbrotlidec
  version: 1.2.0
  manager: conda
  platform: linux-64
  dependencies:
    __glibc: '>=2.17,<3.0.a0'
    libbrotlicommon: 1.2.0
    libgcc: '>=14'
  url: https://conda.anaconda.org/conda-forge/linux-64/libbrotlidec-1.2.0-hb03c661_1.conda
  hash:
    md5: 366b40a69f0ad6072561c1d09301c886
    sha256: 12fff21d38f98bc446d82baa890e01fd82e3b750378fedc720ff93522ffb752b
  category: main
  optional: false
- name: libbrotlienc
  version: 1.2.0
  manager: conda
  platform: linux-64
  dependencies:
    __glibc: '>=2.17,<3.0.a0'
    libbrotlicommon: 1.2.0
    libgcc: '>=14'
  url: https://conda.anaconda.org/conda-forge/linux-64/libbrotlienc-1.2.0-hb03c661_1.conda
  hash:
    md5: 4ffbb341c8b616aa2494b6afb26a0c5f
    sha256: a0c15c79997820bbd3fbc8ecf146f4fe0eca36cc60b62b63ac6cf78857f1dd0d
  category: main
  optional: false
- name: libedit
  version: 3.1.20250104
  manager: conda
  platform: linux-64
  dependencies:
    ncurses: '>=6.5,<7.0a0'
    __glibc: '>=2.17,<3.0.a0'
    libgcc: '>=13'
  url: https://conda.anaconda.org/conda-forge/linux-64/libedit-3.1.20250104-pl5321h7949ede_0.conda
  hash:
    md5: c277e0a4d549b03ac1e9d6cbbe3d017b
    sha256: d789471216e7aba3c184cd054ed61ce3f6dac6f87a50ec69291b9297f8c18724
  category: main
  optional: false
- name: libev
  version: '4.33'
  manager: conda
  platform: linux-64
  dependencies:
    libgcc-ng: '>=12'
  url: https://conda.anaconda.org/conda-forge/linux-64/libev-4.33-hd590300_2.conda
  hash:
    md5: 172bf1cd1ff8629f2b1179945ed45055
    sha256: 1cd6048169fa0395af74ed5d8f1716e22c19a81a8a36f934c110ca3ad4dd27b4
  category: main
  optional: false
- name: libgfortran
  version: 15.2.0
  manager: conda
  platform: linux-64
  dependencies:
    libgfortran5: 15.2.0
  url: https://conda.anaconda.org/conda-forge/linux-64/libgfortran-15.2.0-h69a702a_17.conda
  hash:
    md5: a6c682ac611cb1fa4d73478f9e6efb06
    sha256: 1604c083dd65bc91e68b6cfe32c8610395088cb96af1acaf71f0dcaf83ac58f7
  category: main
  optional: false
- name: libhwy
  version: 1.3.0
  manager: conda
  platform: linux-64
  dependencies:
    __glibc: '>=2.17,<3.0.a0'
    libgcc: '>=14'
    libstdcxx: '>=14'
  url: https://conda.anaconda.org/conda-forge/linux-64/libhwy-1.3.0-h4c17acf_1.conda
  hash:
    md5: c2a0c1d0120520e979685034e0b79859
    sha256: 2bdd1cdd677b119abc5e83069bec2e28fe6bfb21ebaea3cd07acee67f38ea274
  category: main
  optional: false
- name: libpng
  version: 1.6.55
  manager: conda
  platform: linux-64
  dependencies:
    libgcc: '>=14'
    __glibc: '>=2.17,<3.0.a0'
    libzlib: '>=1.3.1,<2.0a0'
  url: https://conda.anaconda.org/conda-forge/linux-64/libpng-1.6.55-h421ea60_0.conda
  hash:
    md5: 5f13ffc7d30ffec87864e678df9957b4
    sha256: 36ade759122cdf0f16e2a2562a19746d96cf9c863ffaa812f2f5071ebbe9c03c
  category: main
  optional: false
- name: libssh2
  version: 1.11.1
  manager: conda
  platform: linux-64
  dependencies:
    __glibc: '>=2.17,<3.0.a0'
    libgcc: '>=13'
    libzlib: '>=1.3.1,<2.0a0'
    openssl: '>=3.5.0,<4.0a0'
  url: https://conda.anaconda.org/conda-forge/linux-64/libssh2-1.11.1-hcf80075_0.conda
  hash:
    md5: eecce068c7e4eddeb169591baac20ac4
    sha256: fa39bfd69228a13e553bd24601332b7cfeb30ca11a3ca50bb028108fe90a7661
  category: main
  optional: false
- name: libstdcxx-ng
  version: 15.2.0
  manager: conda
  platform: linux-64
  dependencies:
    libstdcxx: 15.2.0
  url: https://conda.anaconda.org/conda-forge/linux-64/libstdcxx-ng-15.2.0-hdf11a46_17.conda
  hash:
    md5: ea12f5a6bf12c88c06750d9803e1a570
    sha256: ca3fb322dab3373946b1064da686ec076f5b1b9caf0a2823dad00d0b0f704928
  category: main
  optional: false
- name: libunistring
  version: 0.9.10
  manager: conda
  platform: linux-64
  dependencies:
    libgcc-ng: '>=9.3.0'
  url: https://conda.anaconda.org/conda-forge/linux-64/libunistring-0.9.10-h7f98852_0.tar.bz2
  hash:
    md5: 7245a044b4a1980ed83196176b78b73a
    sha256: e88c45505921db29c08df3439ddb7f771bbff35f95e7d3103bf365d5d6ce2a6d
  category: main
  optional: false
- name: libzip
  version: 1.11.2
  manager: conda
  platform: linux-64
  dependencies:
    __glibc: '>=2.17,<3.0.a0'
    bzip2: '>=1.0.8,<2.0a0'
    libgcc: '>=13'
    libzlib: '>=1.3.1,<2.0a0'
    openssl: '>=3.3.2,<4.0a0'
  url: https://conda.anaconda.org/conda-forge/linux-64/libzip-1.11.2-h6991a6a_0.conda
  hash:
    md5: a7b27c075c9b7f459f1c022090697cba
    sha256: 991e7348b0f650d495fb6d8aa9f8c727bdf52dabf5853c0cc671439b160dce48
  category: main
  optional: false
- name: lz4-c
  version: 1.10.0
  manager: conda
  platform: linux-64
  dependencies:
    __glibc: '>=2.17,<3.0.a0'
    libgcc: '>=13'
    libstdcxx: '>=13'
  url: https://conda.anaconda.org/conda-forge/linux-64/lz4-c-1.10.0-h5888daf_1.conda
  hash:
    md5: 9de5350a85c4a20c685259b889aa6393
    sha256: 47326f811392a5fd3055f0f773036c392d26fdb32e4d8e7a8197eed951489346
  category: main
  optional: false
- name: muparser
  version: 2.3.5
  manager: conda
  platform: linux-64
  dependencies:
    __glibc: '>=2.17,<3.0.a0'
    libgcc: '>=13'
    libstdcxx: '>=13'
  url: https://conda.anaconda.org/conda-forge/linux-64/muparser-2.3.5-h5888daf_0.conda
  hash:
    md5: ab3e3db511033340e75e7002e80ce8c0
    sha256: 320dfc59a94cb9e3635bda71b9e62278b34aa2fdaea0caa6832ddb9b37e9ccd5
  category: main
  optional: false
- name: pcre2
  version: '10.47'
  manager: conda
  platform: linux-64
  dependencies:
    __glibc: '>=2.17,<3.0.a0'
    bzip2: '>=1.0.8,<2.0a0'
    libgcc: '>=14'
    libzlib: '>=1.3.1,<2.0a0'
  url: https://conda.anaconda.org/conda-forge/linux-64/pcre2-10.47-haa7fec5_0.conda
  hash:
    md5: 7a3bff861a6583f1889021facefc08b1
    sha256: 5e6f7d161356fefd981948bea5139c5aa0436767751a6930cb1ca801ebb113ff
  category: main
  optional: false
- name: readline
  version: '8.3'
  manager: conda
  platform: linux-64
  dependencies:
    __glibc: '>=2.17,<3.0.a0'
    libgcc: '>=14'
    ncurses: '>=6.5,<7.0a0'
  url: https://conda.anaconda.org/conda-forge/linux-64/readline-8.3-h853b02a_0.conda
  hash:
    md5: d7d95fc8287ea7bf33e0e7116d2b95ec
    sha256: 12ffde5a6f958e285aa22c191ca01bbd3d6e710aa852e00618fa6ddc59149002
  category: main
  optional: false
- name: snappy
  version: 1.2.2
  manager: conda
  platform: linux-64
  dependencies:
    libgcc: '>=14'
    __glibc: '>=2.17,<3.0.a0'
    libstdcxx: '>=14'
  url: https://conda.anaconda.org/conda-forge/linux-64/snappy-1.2.2-h03e3b7b_1.conda
  hash:
    md5: 98b6c9dc80eb87b2519b97bcf7e578dd
    sha256: 48f3f6a76c34b2cfe80de9ce7f2283ecb55d5ed47367ba91e8bb8104e12b8f11
  category: main
  optional: false
- name: tk
  version: 8.6.13
  manager: conda
  platform: linux-64
  dependencies:
    __glibc: '>=2.17,<3.0.a0'
    libgcc: '>=14'
    libzlib: '>=1.3.1,<2.0a0'
  url: https://conda.anaconda.org/conda-forge/linux-64/tk-8.6.13-noxft_h366c992_103.conda
  hash:
    md5: cffd3bdd58090148f4cfcd831f4b26ab
    sha256: cafeec44494f842ffeca27e9c8b0c27ed714f93ac77ddadc6aaf726b5554ebac
  category: main
  optional: false
- name: zlib
  version: 1.3.1
  manager: conda
  platform: linux-64
  dependencies:
    __glibc: '>=2.17,<3.0.a0'
    libgcc: '>=13'
    libzlib: 1.3.1
  url: https://conda.anaconda.org/conda-forge/linux-64/zlib-1.3.1-hb9d3cd8_2.conda
  hash:
    md5: c9f075ab2f33b3bbee9e62d4ad0a6cd8
    sha256: 5d7c0e5f0005f74112a34a7425179f4eb6e73c92f5d109e6af4ddeca407c92ab
  category: main
  optional: false
- name: zstd
  version: 1.5.7
  manager: conda
  platform: linux-64
  dependencies:
    __glibc: '>=2.17,<3.0.a0'
    libzlib: '>=1.3.1,<2.0a0'
  url: https://conda.anaconda.org/conda-forge/linux-64/zstd-1.5.7-hb78ec9c_6.conda
  hash:
    md5: 4a13eeac0b5c8e5b8ab496e6c4ddd829
    sha256: 68f0206ca6e98fea941e5717cec780ed2873ffabc0e1ed34428c061e2c6268c7
  category: main
  optional: false
- name: blosc
  version: 1.21.6
  manager: conda
  platform: linux-64
  dependencies:
    __glibc: '>=2.17,<3.0.a0'
    libgcc: '>=13'
    libstdcxx: '>=13'
    libzlib: '>=1.3.1,<2.0a0'
    lz4-c: '>=1.10.0,<1.11.0a0'
    snappy: '>=1.2.1,<1.3.0a0'
    zstd: '>=1.5.6,<1.6.0a0'
  url: https://conda.anaconda.org/conda-forge/linux-64/blosc-1.21.6-he440d0b_1.conda
  hash:
    md5: 2c2fae981fd2afd00812c92ac47d023d
    sha256: e7af5d1183b06a206192ff440e08db1c4e8b2ca1f8376ee45fb2f3a85d4ee45d
  category: main
  optional: false
- name: hdf4
  version: 4.2.15
  manager: conda
  platform: linux-64
  dependencies:
    libgcc-ng: '>=12'
    libjpeg-turbo: '>=3.0.0,<4.0a0'
    libstdcxx-ng: '>=12'
    libzlib: '>=1.2.13,<2.0.0a0'
  url: https://conda.anaconda.org/conda-forge/linux-64/hdf4-4.2.15-h2a13503_7.conda
  hash:
    md5: bd77f8da987968ec3927990495dc22e4
    sha256: 0d09b6dc1ce5c4005ae1c6a19dc10767932ef9a5e9c755cfdbb5189ac8fb0684
  category: main
  optional: false
- name: krb5
  version: 1.22.2
  manager: conda
  platform: linux-64
  dependencies:
    __glibc: '>=2.17,<3.0.a0'
    keyutils: '>=1.6.3,<2.0a0'
    libedit: '>=3.1.20250104,<4.0a0'
    libgcc: '>=14'
    libstdcxx: '>=14'
    openssl: '>=3.5.5,<4.0a0'
  url: https://conda.anaconda.org/conda-forge/linux-64/krb5-1.22.2-ha1258a1_0.conda
  hash:
    md5: fb53fb07ce46a575c5d004bbc96032c2
    sha256: 3e307628ca3527448dd1cb14ad7bb9d04d1d28c7d4c5f97ba196ae984571dd25
  category: main
  optional: false
- name: ld_impl_linux-64
  version: 2.45.1
  manager: conda
  platform: linux-64
  dependencies:
    __glibc: '>=2.17,<3.0.a0'
    zstd: '>=1.5.7,<1.6.0a0'
  url: https://conda.anaconda.org/conda-forge/linux-64/ld_impl_linux-64-2.45.1-default_hbd61a6d_101.conda
  hash:
    md5: 12bd9a3f089ee6c9266a37dab82afabd
    sha256: 565941ac1f8b0d2f2e8f02827cbca648f4d18cd461afc31f15604cd291b5c5f3
  category: main
  optional: false
- name: libidn2
  version: 2.3.8
  manager: conda
  platform: linux-64
  dependencies:
    __glibc: '>=2.17,<3.0.a0'
    libgcc: '>=14'
    libunistring: '>=0,<1.0a0'
  url: https://conda.anaconda.org/conda-forge/linux-64/libidn2-2.3.8-hfac485b_1.conda
  hash:
    md5: 842a81de672ddcf476337c8bde3cad33
    sha256: cc38c900b9a20fe75e61cbb594e749c57a06d96510722f5ddfa309682062b065
  category: main
  optional: false
- name: libjxl
  version: 0.11.2
  manager: conda
  platform: linux-64
  dependencies:
    __glibc: '>=2.17,<3.0.a0'
    libgcc: '>=14'
    libstdcxx: '>=14'
    libhwy: '>=1.3.0,<1.4.0a0'
    libbrotlienc: '>=1.2.0,<1.3.0a0'
    libbrotlidec: '>=1.2.0,<1.3.0a0'
  url: https://conda.anaconda.org/conda-forge/linux-64/libjxl-0.11.2-ha09017c_0.conda
  hash:
    md5: 1df8c1b1d6665642107883685db6cf37
    sha256: 0c2399cef02953b719afe6591223fb11d287d5a108ef8bb9a02dd509a0f738d7
  category: main
  optional: false
- name: libnghttp2
  version: 1.67.0
  manager: conda
  platform: linux-64
  dependencies:
    __glibc: '>=2.17,<3.0.a0'
    c-ares: '>=1.34.5,<2.0a0'
    libev: '>=4.33,<5.0a0'
    libgcc: '>=14'
    libstdcxx: '>=14'
    libzlib: '>=1.3.1,<2.0a0'
    openssl: '>=3.5.2,<4.0a0'
  url: https://conda.anaconda.org/conda-forge/linux-64/libnghttp2-1.67.0-had1ee68_0.conda
  hash:
    md5: b499ce4b026493a13774bcf0f4c33849
    sha256: a4a7dab8db4dc81c736e9a9b42bdfd97b087816e029e221380511960ac46c690
  category: main
  optional: false
- name: libopenblas
  version: 0.3.30
  manager: conda
  platform: linux-64
  dependencies:
    __glibc: '>=2.17,<3.0.a0'
    libgcc: '>=14'
    libgfortran: ''
    libgfortran5: '>=14.3.0'
  url: https://conda.anaconda.org/conda-forge/linux-64/libopenblas-0.3.30-pthreads_h94d23a6_4.conda
  hash:
    md5: be43915efc66345cccb3c310b6ed0374
    sha256: 199d79c237afb0d4780ccd2fbf829cea80743df60df4705202558675e07dd2c5
  category: main
  optional: false
- name: librttopo
  version: 1.1.0
  manager: conda
  platform: linux-64
  dependencies:
    __glibc: '>=2.17,<3.0.a0'
    geos: '>=3.14.1,<3.14.2.0a0'
    libgcc: '>=14'
    libstdcxx: '>=14'
  url: https://conda.anaconda.org/conda-forge/linux-64/librttopo-1.1.0-h46dd2a8_20.conda
  hash:
    md5: df81fd57eacf341588d728c97920e86d
    sha256: eb4082a5135102f5ba9c302da13164d4ed1181d5f0db9d49e5e11a815a7b526f
  category: main
  optional: false
- name: libsqlite
  version: 3.51.2
  manager: conda
  platform: linux-64
  dependencies:
    __glibc: '>=2.17,<3.0.a0'
    icu: '>=78.2,<79.0a0'
    libgcc: '>=14'
    libzlib: '>=1.3.1,<2.0a0'
  url: https://conda.anaconda.org/conda-forge/linux-64/libsqlite-3.51.2-hf4e2dac_0.conda
  hash:
    md5: da5be73701eecd0e8454423fd6ffcf30
    sha256: 04596fcee262a870e4b7c9807224680ff48d4d0cc0dac076a602503d3dc6d217
  category: main
  optional: false
- name: libtiff
  version: 4.7.1
  manager: conda
  platform: linux-64
  dependencies:
    __glibc: '>=2.17,<3.0.a0'
    lerc: '>=4.0.0,<5.0a0'
    libdeflate: '>=1.25,<1.26.0a0'
    libgcc: '>=14'
    libjpeg-turbo: '>=3.1.0,<4.0a0'
    liblzma: '>=5.8.1,<6.0a0'
    libstdcxx: '>=14'
    libwebp-base: '>=1.6.0,<2.0a0'
    libzlib: '>=1.3.1,<2.0a0'
    zstd: '>=1.5.7,<1.6.0a0'
  url: https://conda.anaconda.org/conda-forge/linux-64/libtiff-4.7.1-h9d88235_1.conda
  hash:
    md5: cd5a90476766d53e901500df9215e927
    sha256: e5f8c38625aa6d567809733ae04bb71c161a42e44a9fa8227abe61fa5c60ebe0
  category: main
  optional: false
- name: libxml2-16
  version: 2.15.1
  manager: conda
  platform: linux-64
  dependencies:
    __glibc: '>=2.17,<3.0.a0'
    icu: '>=78.1,<79.0a0'
    libgcc: '>=14'
    libiconv: '>=1.18,<2.0a0'
    liblzma: '>=5.8.1,<6.0a0'
    libzlib: '>=1.3.1,<2.0a0'
  url: https://conda.anaconda.org/conda-forge/linux-64/libxml2-16-2.15.1-hca6bf5a_1.conda
  hash:
    md5: 3fdd8d99683da9fe279c2f4cecd1e048
    sha256: 8331284bf9ae641b70cdc0e5866502dd80055fc3b9350979c74bb1d192e8e09e
  category: main
  optional: false
- name: minizip
  version: 4.0.10
  manager: conda
  platform: linux-64
  dependencies:
    __glibc: '>=2.17,<3.0.a0'
    bzip2: '>=1.0.8,<2.0a0'
    libgcc: '>=13'
    libiconv: '>=1.18,<2.0a0'
    liblzma: '>=5.8.1,<6.0a0'
    libstdcxx: '>=13'
    libzlib: '>=1.3.1,<2.0a0'
    openssl: '>=3.5.0,<4.0a0'
    zstd: '>=1.5.7,<1.6.0a0'
  url: https://conda.anaconda.org/conda-forge/linux-64/minizip-4.0.10-h05a5f5f_0.conda
  hash:
    md5: da01bb40572e689bd1535a5cee6b1d68
    sha256: 0c3700d15377156937ddc89a856527ad77e7cf3fd73cb0dffc75fce8030ddd16
  category: main
  optional: false
- name: p7zip
  version: '16.02'
  manager: conda
  platform: linux-64
  dependencies:
    libgcc-ng: '>=9.4.0'
    libstdcxx-ng: '>=9.4.0'
  url: https://conda.anaconda.org/conda-forge/linux-64/p7zip-16.02-h9c3ff4c_1001.tar.bz2
  hash:
    md5: 941066943c0cac69d5aa52189451aa5f
    sha256: 01aecc8f648ed0825ecf4c384c2f4759146ef8f2815348efddebf42ec769419c
  category: main
  optional: false
- name: uriparser
  version: 0.9.8
  manager: conda
  platform: linux-64
  dependencies:
    libgcc-ng: '>=12'
    libstdcxx-ng: '>=12'
  url: https://conda.anaconda.org/conda-forge/linux-64/uriparser-0.9.8-hac33072_0.conda
  hash:
    md5: d71d3a66528853c0a1ac2c02d79a0284
    sha256: 2aad2aeff7c69a2d7eecd7b662eef756b27d6a6b96f3e2c2a7071340ce14543e
  category: main
  optional: false
- name: xerces-c
  version: 3.3.0
  manager: conda
  platform: linux-64
  dependencies:
    __glibc: '>=2.17,<3.0.a0'
    icu: '>=78.1,<79.0a0'
    libgcc: '>=14'
    libnsl: '>=2.0.1,<2.1.0a0'
    libstdcxx: '>=14'
  url: https://conda.anaconda.org/conda-forge/linux-64/xerces-c-3.3.0-hd9031aa_1.conda
  hash:
    md5: 66a1db55ecdb7377d2b91f54cd56eafa
    sha256: 605980121ad3ee9393a9b53fb0996929c9732f8fc6b9f796d25244ca6fa23032
  category: main
  optional: false
- name: freexl
  version: 2.0.0
  manager: conda
  platform: linux-64
  dependencies:
    __glibc: '>=2.17,<3.0.a0'
    libexpat: '>=2.6.4,<3.0a0'
    libgcc: '>=13'
    libiconv: '>=1.17,<2.0a0'
    minizip: '>=4.0.7,<5.0a0'
  url: https://conda.anaconda.org/conda-forge/linux-64/freexl-2.0.0-h9dce30a_2.conda
  hash:
    md5: ecb5d11305b8ba1801543002e69d2f2f
    sha256: c8960e00a6db69b85c16c693ce05484facf20f1a80430552145f652a880e0d2a
  category: main
  optional: false
- name: libblas
  version: 3.11.0
  manager: conda
  platform: linux-64
  dependencies:
    libopenblas: '>=0.3.30,<1.0a0'
  url: https://conda.anaconda.org/conda-forge/linux-64/libblas-3.11.0-5_h4a7cf45_openblas.conda
  hash:
    md5: c160954f7418d7b6e87eaf05a8913fa9
    sha256: 18c72545080b86739352482ba14ba2c4815e19e26a7417ca21a95b76ec8da24c
  category: main
  optional: false
- name: libcurl
  version: 8.18.0
  manager: conda
  platform: linux-64
  dependencies:
    __glibc: '>=2.17,<3.0.a0'
    krb5: '>=1.22.2,<1.23.0a0'
    libgcc: '>=14'
    libnghttp2: '>=1.67.0,<2.0a0'
    libssh2: '>=1.11.1,<2.0a0'
    libzlib: '>=1.3.1,<2.0a0'
    openssl: '>=3.5.5,<4.0a0'
    zstd: '>=1.5.7,<1.6.0a0'
  url: https://conda.anaconda.org/conda-forge/linux-64/libcurl-8.18.0-hcf29cc6_1.conda
  hash:
    md5: 1707cdd636af2ff697b53186572c9f77
    sha256: c84e8dccb65ad5149c0121e4b54bdc47fa39303fd5f4979b8c44bb51b39a369b
  category: main
  optional: false
- name: libkml
  version: 1.3.0
  manager: conda
  platform: linux-64
  dependencies:
    __glibc: '>=2.17,<3.0.a0'
    libexpat: '>=2.7.1,<3.0a0'
    libgcc: '>=14'
    libstdcxx: '>=14'
    libzlib: '>=1.3.1,<2.0a0'
    uriparser: '>=0.9.8,<1.0a0'
  url: https://conda.anaconda.org/conda-forge/linux-64/libkml-1.3.0-haa4a5bd_1022.conda
  hash:
    md5: 00f0f4a9d2eb174015931b1a234d61ca
    sha256: aa55f5779d6bc7bf24dc8257f053d5a0708b5910b6bc6ea1396f15febf812c98
  category: main
  optional: false
- name: libxml2
  version: 2.15.1
  manager: conda
  platform: linux-64
  dependencies:
    __glibc: '>=2.17,<3.0.a0'
    icu: '>=78.1,<79.0a0'
    libgcc: '>=14'
    libiconv: '>=1.18,<2.0a0'
    liblzma: '>=5.8.1,<6.0a0'
    libxml2-16: 2.15.1
    libzlib: '>=1.3.1,<2.0a0'
  url: https://conda.anaconda.org/conda-forge/linux-64/libxml2-2.15.1-he237659_1.conda
  hash:
    md5: 417955234eccd8f252b86a265ccdab7f
    sha256: 047be059033c394bd32ae5de66ce389824352120b3a7c0eff980195f7ed80357
  category: main
  optional: false
- name: python
  version: 3.14.3
  manager: conda
  platform: linux-64
  dependencies:
    __glibc: '>=2.17,<3.0.a0'
    bzip2: '>=1.0.8,<2.0a0'
    ld_impl_linux-64: '>=2.36.1'
    libexpat: '>=2.7.3,<3.0a0'
    libffi: '>=3.5.2,<3.6.0a0'
    libgcc: '>=14'
    liblzma: '>=5.8.2,<6.0a0'
    libmpdec: '>=4.0.0,<5.0a0'
    libsqlite: '>=3.51.2,<4.0a0'
    libuuid: '>=2.41.3,<3.0a0'
    libzlib: '>=1.3.1,<2.0a0'
    ncurses: '>=6.5,<7.0a0'
    openssl: '>=3.5.5,<4.0a0'
    python_abi: 3.14.*
    readline: '>=8.3,<9.0a0'
    tk: '>=8.6.13,<8.7.0a0'
    tzdata: ''
    zstd: '>=1.5.7,<1.6.0a0'
  url: https://conda.anaconda.org/conda-forge/linux-64/python-3.14.3-h32b2ec7_101_cp314.conda
  hash:
    md5: c014ad06e60441661737121d3eae8a60
    sha256: cb0628c5f1732f889f53a877484da98f5a0e0f47326622671396fb4f2b0cd6bd
  category: main
  optional: false
- name: sqlite
  version: 3.51.2
  manager: conda
  platform: linux-64
  dependencies:
    __glibc: '>=2.17,<3.0.a0'
    icu: '>=78.2,<79.0a0'
    libgcc: '>=14'
    libsqlite: 3.51.2
    libzlib: '>=1.3.1,<2.0a0'
    ncurses: '>=6.5,<7.0a0'
    readline: '>=8.3,<9.0a0'
  url: https://conda.anaconda.org/conda-forge/linux-64/sqlite-3.51.2-h04a0ce9_0.conda
  hash:
    md5: bb88d9335d09e54c7e6b5529d1856917
    sha256: ccce47d8fe3a817eac5b95f34ca0fcb12423b0c7c5eee249ffb32ac8013e9692
  category: main
  optional: false
- name: wget
  version: 1.21.4
  manager: conda
  platform: linux-64
  dependencies:
    libgcc-ng: '>=12'
    libidn2: '>=2,<3.0a0'
    libunistring: '>=0,<1.0a0'
    libzlib: '>=1.2.13,<2.0.0a0'
    openssl: '>=3.2.1,<4.0a0'
    zlib: ''
  url: https://conda.anaconda.org/conda-forge/linux-64/wget-1.21.4-hda4d442_0.conda
  hash:
    md5: 361e96b664eac64a33c20dfd11affbff
    sha256: 70df4ac8cca488618458af4705706551cef7e402bac9c2c41dd17148f60cbd1f
  category: main
  optional: false
- name: certifi
  version: 2026.1.4
  manager: conda
  platform: linux-64
  dependencies:
    python: '>=3.10'
  url: https://conda.anaconda.org/conda-forge/noarch/certifi-2026.1.4-pyhd8ed1ab_0.conda
  hash:
    md5: eacc711330cd46939f66cd401ff9c44b
    sha256: 110338066d194a715947808611b763857c15458f8b3b97197387356844af9450
  category: main
  optional: false
- name: hdf5
  version: 1.14.6
  manager: conda
  platform: linux-64
  dependencies:
    __glibc: '>=2.17,<3.0.a0'
    libaec: '>=1.1.5,<2.0a0'
    libcurl: '>=8.18.0,<9.0a0'
    libgcc: '>=14'
    libgfortran: ''
    libgfortran5: '>=14.3.0'
    libstdcxx: '>=14'
    libzlib: '>=1.3.1,<2.0a0'
    openssl: '>=3.5.5,<4.0a0'
  url: https://conda.anaconda.org/conda-forge/linux-64/hdf5-1.14.6-nompi_h19486de_106.conda
  hash:
    md5: c223ee1429ba538f3e48cfb4a0b97357
    sha256: 1fc50ce3b86710fba3ec9c5714f1612b5ffa4230d70bfe43e2a1436eacba1621
  category: main
  optional: false
- name: libarchive
  version: 3.8.5
  manager: conda
  platform: linux-64
  dependencies:
    __glibc: '>=2.17,<3.0.a0'
    bzip2: '>=1.0.8,<2.0a0'
    libgcc: '>=14'
    liblzma: '>=5.8.1,<6.0a0'
    libxml2: ''
    libxml2-16: '>=2.14.6'
    libzlib: '>=1.3.1,<2.0a0'
    lz4-c: '>=1.10.0,<1.11.0a0'
    lzo: '>=2.10,<3.0a0'
    openssl: '>=3.5.4,<4.0a0'
    zstd: '>=1.5.7,<1.6.0a0'
  url: https://conda.anaconda.org/conda-forge/linux-64/libarchive-3.8.5-gpl_hc2c16d8_100.conda
  hash:
    md5: 5fdaa8b856683a5598459dead3976578
    sha256: ee2cf1499a5a5fd5f03c6203597fe14bf28c6ca2a8fffb761e41f3cf371e768e
  category: main
  optional: false
- name: libcblas
  version: 3.11.0
  manager: conda
  platform: linux-64
  dependencies:
    libblas: 3.11.0
  url: https://conda.anaconda.org/conda-forge/linux-64/libcblas-3.11.0-5_h0358290_openblas.conda
  hash:
    md5: 6636a2b6f1a87572df2970d3ebc87cc0
    sha256: 0cbdcc67901e02dc17f1d19e1f9170610bd828100dc207de4d5b6b8ad1ae7ad8
  category: main
  optional: false
- name: liblapack
  version: 3.11.0
  manager: conda
  platform: linux-64
  dependencies:
    libblas: 3.11.0
  url: https://conda.anaconda.org/conda-forge/linux-64/liblapack-3.11.0-5_h47877c9_openblas.conda
  hash:
    md5: b38076eb5c8e40d0106beda6f95d7609
    sha256: c723b6599fcd4c6c75dee728359ef418307280fa3e2ee376e14e85e5bbdda053
  category: main
  optional: false
- name: libxml2-devel
  version: 2.15.1
  manager: conda
  platform: linux-64
  dependencies:
    __glibc: '>=2.17,<3.0.a0'
    icu: '>=78.1,<79.0a0'
    libgcc: '>=14'
    libiconv: '>=1.18,<2.0a0'
    liblzma: '>=5.8.1,<6.0a0'
    libxml2: 2.15.1
    libxml2-16: 2.15.1
    libzlib: '>=1.3.1,<2.0a0'
  url: https://conda.anaconda.org/conda-forge/linux-64/libxml2-devel-2.15.1-he237659_1.conda
  hash:
    md5: 644b2a3a92ba0bb8e2aa671dd831e793
    sha256: 6621eb70375ff867c7c6606c216139e47eade8dfad78bcf7bdd0a62dc87d629f
  category: main
  optional: false
- name: proj
  version: 9.7.1
  manager: conda
  platform: linux-64
  dependencies:
    sqlite: ''
    libtiff: '>=4.7.1,<4.8.0a0'
    libcurl: '>=8.18.0,<9.0a0'
    __glibc: '>=2.17,<3.0.a0'
    libgcc: '>=14'
    libstdcxx: '>=14'
    libsqlite: '>=3.51.2,<4.0a0'
  url: https://conda.anaconda.org/conda-forge/linux-64/proj-9.7.1-he0df7b0_3.conda
  hash:
    md5: 031e33ae075b336c0ce92b14efa886c5
    sha256: c94d3d8ef40d1ea018860d66c416003bc03adede7d212efc9218bb64041fe2f7
  category: main
  optional: false
- name: libnetcdf
  version: 4.9.3
  manager: conda
  platform: linux-64
  dependencies:
    __glibc: '>=2.17,<3.0.a0'
    attr: '>=2.5.2,<2.6.0a0'
    blosc: '>=1.21.6,<2.0a0'
    bzip2: '>=1.0.8,<2.0a0'
    hdf4: '>=4.2.15,<4.2.16.0a0'
    hdf5: '>=1.14.6,<1.14.7.0a0'
    libaec: '>=1.1.5,<2.0a0'
    libcurl: '>=8.18.0,<9.0a0'
    libgcc: '>=14'
    libstdcxx: '>=14'
    libxml2: ''
    libxml2-16: '>=2.14.6'
    libzip: '>=1.11.2,<2.0a0'
    libzlib: '>=1.3.1,<2.0a0'
    openssl: '>=3.5.5,<4.0a0'
    zstd: '>=1.5.7,<1.6.0a0'
  url: https://conda.anaconda.org/conda-forge/linux-64/libnetcdf-4.9.3-nompi_hbf2fc22_104.conda
  hash:
    md5: a2956b63b1851e9d5eb9f882d02fa3a9
    sha256: cae2f8fe5258fc1a1d2b61cbc9190ed2c0a1b7cdf5d4aac98da071ade6dac152
  category: main
  optional: false
- name: libspatialite
  version: 5.1.0
  manager: conda
  platform: linux-64
  dependencies:
    __glibc: '>=2.17,<3.0.a0'
    freexl: '>=2.0.0,<3.0a0'
    geos: '>=3.14.1,<3.14.2.0a0'
    libgcc: '>=14'
    librttopo: '>=1.1.0,<1.2.0a0'
    libsqlite: '>=3.50.4,<4.0a0'
    libstdcxx: '>=14'
    libxml2: ''
    libxml2-16: '>=2.14.6'
    libxml2-devel: ''
    libzlib: '>=1.3.1,<2.0a0'
    proj: '>=9.7.0,<9.8.0a0'
    sqlite: ''
    zlib: ''
  url: https://conda.anaconda.org/conda-forge/linux-64/libspatialite-5.1.0-gpl_h2abfd87_119.conda
  hash:
    md5: 887245164c408c289d0cb45bd508ce5f
    sha256: 403c1ad74ee70caaac02216a233ef9ec4531497ee14e7fea93a254a005ece88d
  category: main
  optional: false
- name: numpy
  version: 2.4.2
  manager: conda
  platform: linux-64
  dependencies:
    python: ''
    libstdcxx: '>=14'
    libgcc: '>=14'
    __glibc: '>=2.17,<3.0.a0'
    libcblas: '>=3.9.0,<4.0a0'
    python_abi: 3.14.*
    libblas: '>=3.9.0,<4.0a0'
    liblapack: '>=3.9.0,<4.0a0'
  url: https://conda.anaconda.org/conda-forge/linux-64/numpy-2.4.2-py314h2b28147_1.conda
  hash:
    md5: 4ea6b620fdf24a1a0bc4f1c7134dfafb
    sha256: 1d8377c8001c15ed12c2713b723213474b435706ab9d34ede69795d64af9e94d
  category: main
  optional: false
- name: cftime
  version: 1.6.5
  manager: conda
  platform: linux-64
  dependencies:
    __glibc: '>=2.17,<3.0.a0'
    libgcc: '>=14'
    numpy: '>=1.23,<3'
    python: '>=3.14,<3.15.0a0'
    python_abi: 3.14.*
  url: https://conda.anaconda.org/conda-forge/linux-64/cftime-1.6.5-py314hc02f841_1.conda
  hash:
    md5: 552b5d9d8a2a4be882e1c638953e7281
    sha256: 5889371679ebd4cc4d7a1b9a4a6f5ca7146527b9c6da14ba83f2edadbc45ac82
  category: main
  optional: false
- name: libgdal-core
  version: 3.12.2
  manager: conda
  platform: linux-64
  dependencies:
    __glibc: '>=2.17,<3.0.a0'
    blosc: '>=1.21.6,<2.0a0'
    geos: '>=3.14.1,<3.14.2.0a0'
    giflib: '>=5.2.2,<5.3.0a0'
    json-c: '>=0.18,<0.19.0a0'
    lerc: '>=4.0.0,<5.0a0'
    libarchive: '>=3.8.5,<3.9.0a0'
    libcurl: '>=8.18.0,<9.0a0'
    libdeflate: '>=1.25,<1.26.0a0'
    libexpat: '>=2.7.3,<3.0a0'
    libgcc: '>=14'
    libiconv: '>=1.18,<2.0a0'
    libjpeg-turbo: '>=3.1.2,<4.0a0'
    libjxl: '>=0.11,<1.0a0'
    libkml: '>=1.3.0,<1.4.0a0'
    liblzma: '>=5.8.2,<6.0a0'
    libpng: '>=1.6.55,<1.7.0a0'
    libspatialite: '>=5.1.0,<5.2.0a0'
    libsqlite: '>=3.51.2,<4.0a0'
    libstdcxx: '>=14'
    libwebp-base: '>=1.6.0,<2.0a0'
    libxml2: ''
    libxml2-16: '>=2.14.6'
    libzlib: '>=1.3.1,<2.0a0'
    lz4-c: '>=1.10.0,<1.11.0a0'
    muparser: '>=2.3.5,<2.4.0a0'
    openssl: '>=3.5.5,<4.0a0'
    pcre2: '>=10.47,<10.48.0a0'
    proj: '>=9.7.1,<9.8.0a0'
    xerces-c: '>=3.3.0,<3.4.0a0'
    zstd: '>=1.5.7,<1.6.0a0'
  url: https://conda.anaconda.org/conda-forge/linux-64/libgdal-core-3.12.2-hc2c0581_0.conda
  hash:
    md5: 367b1cd271b8aa39170f68826a94d65b
    sha256: 8cf6fcbdbcfad427e9bb102270236bbb20f0f0293753d6c3b147840dcfe7849c
  category: main
  optional: false
- name: gdal
  version: 3.12.2
  manager: conda
  platform: linux-64
  dependencies:
    __glibc: '>=2.17,<3.0.a0'
    libgcc: '>=14'
    libgdal-core: 3.12.2.*
    libstdcxx: '>=14'
    numpy: '>=1.23,<3'
    python: '>=3.14,<3.15.0a0'
    python_abi: 3.14.*
  url: https://conda.anaconda.org/conda-forge/linux-64/gdal-3.12.2-py314hd76b233_0.conda
  hash:
    md5: f7bbd552e3c002939b2068c0a3dc45bf
    sha256: 70693fb7a425d1f7ed32ebae57aa70c9cfbb1863c93383b76dd04e181126a757
  category: main
  optional: false
- name: libgdal-hdf4
  version: 3.12.2
  manager: conda
  platform: linux-64
  dependencies:
    __glibc: '>=2.17,<3.0.a0'
    hdf4: '>=4.2.15,<4.2.16.0a0'
    libaec: '>=1.1.5,<2.0a0'
    libgcc: '>=14'
    libgdal-core: 3.12.2
    libstdcxx: '>=14'
  url: https://conda.anaconda.org/conda-forge/linux-64/libgdal-hdf4-3.12.2-hf70aa56_0.conda
  hash:
    md5: 233df7c1e29a915a9082d6876ebcdc18
    sha256: 4dd08a66a48515223272cf53b42db19fe55d08f7abfe67b381b8f7cac50feb7e
  category: main
  optional: false
- name: libgdal-hdf5
  version: 3.12.2
  manager: conda
  platform: linux-64
  dependencies:
    __glibc: '>=2.17,<3.0.a0'
    hdf5: '>=1.14.6,<1.14.7.0a0'
    libgcc: '>=14'
    libgdal-core: 3.12.2
    libstdcxx: '>=14'
  url: https://conda.anaconda.org/conda-forge/linux-64/libgdal-hdf5-3.12.2-hcaab353_0.conda
  hash:
    md5: f35b291423b9f385a8ff62969fc42b72
    sha256: 2b1908125dc9e68064d45bcd1990e3551116e129e94353126c659124b801f5f5
  category: main
  optional: false
- name: netcdf4
  version: 1.7.4
  manager: conda
  platform: linux-64
  dependencies:
    python: ''
    certifi: ''
    cftime: ''
    numpy: '>=1.23,<3'
    hdf5: '>=1.14.6,<1.14.7.0a0'
    libnetcdf: '>=4.9.3,<4.9.4.0a0'
    __glibc: '>=2.17,<3.0.a0'
    libgcc: '>=14'
    python_abi: 3.14.*
    libzlib: '>=1.3.1,<2.0a0'
  url: https://conda.anaconda.org/conda-forge/linux-64/netcdf4-1.7.4-nompi_py314h4ae7121_102.conda
  hash:
    md5: cf495d9fc5e01a2ee10e0867ce957a44
    sha256: 81d29b54720e2d91b404b13d91484cdb3fc920885c4029a6cb078ec9435b12e5
  category: main
  optional: false
- name: libgdal-netcdf
  version: 3.12.2
  manager: conda
  platform: linux-64
  dependencies:
    __glibc: '>=2.17,<3.0.a0'
    hdf4: '>=4.2.15,<4.2.16.0a0'
    hdf5: '>=1.14.6,<1.14.7.0a0'
    libgcc: '>=14'
    libgdal-core: 3.12.2
    libgdal-hdf4: 3.12.2.*
    libgdal-hdf5: 3.12.2.*
    libnetcdf: '>=4.9.3,<4.9.4.0a0'
    libstdcxx: '>=14'
  url: https://conda.anaconda.org/conda-forge/linux-64/libgdal-netcdf-3.12.2-h03ef1cf_0.conda
  hash:
    md5: 9605589f8ddbf79ec449ff16b0e5eabe
    sha256: 048591878644c5cd5aefe15f9a8625ae1d33ac53a89218a4c48eb108dedabbf7
  category: main
  optional: false
